
Microsoft Visual Studio Solution File, Format Version 12.00
# Visual Studio Version 16
VisualStudioVersion = 16.0.30011.22
MinimumVisualStudioVersion = 10.0.40219.1
Project("{888888A0-9F3D-457C-B088-3A5042F75D52}") = "readwritedeviceconfig", "readwritedeviceconfig\readwritedeviceconfig.pyproj", "{5596FC73-0261-417F-AFDF-7DA7A41ED702}"
EndProject
Global
	GlobalSection(SolutionConfigurationPlatforms) = preSolution
		Debug|Any CPU = Debug|Any CPU
		Release|Any CPU = Release|Any CPU
	EndGlobalSection
	GlobalSection(ProjectConfigurationPlatforms) = postSolution
		{5596FC73-0261-417F-AFDF-7DA7A41ED702}.Debug|Any CPU.ActiveCfg = Debug|Any CPU
		{5596FC73-0261-417F-AFDF-7DA7A41ED702}.Release|Any CPU.ActiveCfg = Release|Any CPU
	EndGlobalSection
	GlobalSection(SolutionProperties) = preSolution
		HideSolutionNode = FALSE
	EndGlobalSection
	GlobalSection(ExtensibilityGlobals) = postSolution
		SolutionGuid = {A3FC1492-4EFC-448F-AE53-1F188D1327B1}
	EndGlobalSection
EndGlobal
